
Microsoft Visual Studio Solution File, Format Version 12.00
# Visual Studio Version 17
VisualStudioVersion = 17.14.36429.23 d17.14
MinimumVisualStudioVersion = 10.0.40219.1
Project("{FAE04EC0-301F-11D3-BF4B-00C04F79EFBC}") = "SimpleCalculator", "SimpleCalculator.csproj", "{850E4DB4-DD12-4CF2-96A5-C00BEECE9885}"
EndProject
Global
	GlobalSection(SolutionConfigurationPlatforms) = preSolution
		Debug|Any CPU = Debug|Any CPU
		Release|Any CPU = Release|Any CPU
	EndGlobalSection
	GlobalSection(ProjectConfigurationPlatforms) = postSolution
		{850E4DB4-DD12-4CF2-96A5-C00BEECE9885}.Debug|Any CPU.ActiveCfg = Debug|Any CPU
		{850E4DB4-DD12-4CF2-96A5-C00BEECE9885}.Debug|Any CPU.Build.0 = Debug|Any CPU
		{850E4DB4-DD12-4CF2-96A5-C00BEECE9885}.Release|Any CPU.ActiveCfg = Release|Any CPU
		{850E4DB4-DD12-4CF2-96A5-C00BEECE9885}.Release|Any CPU.Build.0 = Release|Any CPU
	EndGlobalSection
	GlobalSection(SolutionProperties) = preSolution
		HideSolutionNode = FALSE
	EndGlobalSection
	GlobalSection(ExtensibilityGlobals) = postSolution
		SolutionGuid = {A6172FB8-AB75-4266-A594-530EAFF0AF8F}
	EndGlobalSection
EndGlobal
